
Microsoft Visual Studio Solution File, Format Version 12.00
# Visual Studio Version 17
VisualStudioVersion = 17.1.32421.90
MinimumVisualStudioVersion = 10.0.40219.1
Project("{9A19103F-16F7-4668-BE54-9A1E7A4F7556}") = "RazorPizzeria", "RazorPizzeria.csproj", "{C97360DE-727D-40FA-8C0D-2731DF7BD571}"
EndProject
Global
	GlobalSection(SolutionConfigurationPlatforms) = preSolution
		Debug|Any CPU = Debug|Any CPU
		Release|Any CPU = Release|Any CPU
	EndGlobalSection
	GlobalSection(ProjectConfigurationPlatforms) = postSolution
		{C97360DE-727D-40FA-8C0D-2731DF7BD571}.Debug|Any CPU.ActiveCfg = Debug|Any CPU
		{C97360DE-727D-40FA-8C0D-2731DF7BD571}.Debug|Any CPU.Build.0 = Debug|Any CPU
		{C97360DE-727D-40FA-8C0D-2731DF7BD571}.Release|Any CPU.ActiveCfg = Release|Any CPU
		{C97360DE-727D-40FA-8C0D-2731DF7BD571}.Release|Any CPU.Build.0 = Release|Any CPU
	EndGlobalSection
	GlobalSection(SolutionProperties) = preSolution
		HideSolutionNode = FALSE
	EndGlobalSection
	GlobalSection(ExtensibilityGlobals) = postSolution
		SolutionGuid = {B520EA08-93DB-4482-A9D7-34F9DCB6C0D1}
	EndGlobalSection
EndGlobal
